
Microsoft Visual Studio Solution File, Format Version 12.00
# Visual Studio Version 16
VisualStudioVersion = 16.0.29403.142
MinimumVisualStudioVersion = 10.0.40219.1
Project("{FAE04EC0-301F-11D3-BF4B-00C04F79EFBC}") = "Internet-shop", "Internet-shop\Internet-shop.csproj", "{503F02D3-6FBF-40BB-96F8-4DBB48DB8EB5}"
EndProject
Global
	GlobalSection(SolutionConfigurationPlatforms) = preSolution
		Debug|Any CPU = Debug|Any CPU
		Release|Any CPU = Release|Any CPU
	EndGlobalSection
	GlobalSection(ProjectConfigurationPlatforms) = postSolution
		{503F02D3-6FBF-40BB-96F8-4DBB48DB8EB5}.Debug|Any CPU.ActiveCfg = Debug|Any CPU
		{503F02D3-6FBF-40BB-96F8-4DBB48DB8EB5}.Debug|Any CPU.Build.0 = Debug|Any CPU
		{503F02D3-6FBF-40BB-96F8-4DBB48DB8EB5}.Release|Any CPU.ActiveCfg = Release|Any CPU
		{503F02D3-6FBF-40BB-96F8-4DBB48DB8EB5}.Release|Any CPU.Build.0 = Release|Any CPU
	EndGlobalSection
	GlobalSection(SolutionProperties) = preSolution
		HideSolutionNode = FALSE
	EndGlobalSection
	GlobalSection(ExtensibilityGlobals) = postSolution
		SolutionGuid = {EC52B036-2CCB-41BF-99CD-A038CC17E709}
	EndGlobalSection
EndGlobal
